
Microsoft Visual Studio Solution File, Format Version 12.00
# Visual Studio Version 16
VisualStudioVersion = 16.0.34301.259
MinimumVisualStudioVersion = 10.0.40219.1
Project("{FAE04EC0-301F-11D3-BF4B-00C04F79EFBC}") = "Student and Teacher", "Student and Teacher\Student and Teacher.csproj", "{C7336459-EF82-4A9C-9BDD-5F68A584ABE6}"
EndProject
Global
	GlobalSection(SolutionConfigurationPlatforms) = preSolution
		Debug|Any CPU = Debug|Any CPU
		Release|Any CPU = Release|Any CPU
	EndGlobalSection
	GlobalSection(ProjectConfigurationPlatforms) = postSolution
		{C7336459-EF82-4A9C-9BDD-5F68A584ABE6}.Debug|Any CPU.ActiveCfg = Debug|Any CPU
		{C7336459-EF82-4A9C-9BDD-5F68A584ABE6}.Debug|Any CPU.Build.0 = Debug|Any CPU
		{C7336459-EF82-4A9C-9BDD-5F68A584ABE6}.Release|Any CPU.ActiveCfg = Release|Any CPU
		{C7336459-EF82-4A9C-9BDD-5F68A584ABE6}.Release|Any CPU.Build.0 = Release|Any CPU
	EndGlobalSection
	GlobalSection(SolutionProperties) = preSolution
		HideSolutionNode = FALSE
	EndGlobalSection
	GlobalSection(ExtensibilityGlobals) = postSolution
		SolutionGuid = {D8C3078C-5254-40BE-AAB1-498D2F68A792}
	EndGlobalSection
EndGlobal
